
Microsoft Visual Studio Solution File, Format Version 12.00
# Visual Studio 15
VisualStudioVersion = 15.0.26730.16
MinimumVisualStudioVersion = 10.0.40219.1
Project("{FAE04EC0-301F-11D3-BF4B-00C04F79EFBC}") = "CsharpAdvanced", "CsharpAdvanced\CsharpAdvanced.csproj", "{29FBDE80-FBBA-4CE1-BE20-F191BBABCBF4}"
EndProject
Global
	GlobalSection(SolutionConfigurationPlatforms) = preSolution
		Debug|Any CPU = Debug|Any CPU
		Release|Any CPU = Release|Any CPU
	EndGlobalSection
	GlobalSection(ProjectConfigurationPlatforms) = postSolution
		{29FBDE80-FBBA-4CE1-BE20-F191BBABCBF4}.Debug|Any CPU.ActiveCfg = Debug|Any CPU
		{29FBDE80-FBBA-4CE1-BE20-F191BBABCBF4}.Debug|Any CPU.Build.0 = Debug|Any CPU
		{29FBDE80-FBBA-4CE1-BE20-F191BBABCBF4}.Release|Any CPU.ActiveCfg = Release|Any CPU
		{29FBDE80-FBBA-4CE1-BE20-F191BBABCBF4}.Release|Any CPU.Build.0 = Release|Any CPU
	EndGlobalSection
	GlobalSection(SolutionProperties) = preSolution
		HideSolutionNode = FALSE
	EndGlobalSection
	GlobalSection(ExtensibilityGlobals) = postSolution
		SolutionGuid = {397B29D4-94A7-4A0A-B113-FA3938E9CAFE}
	EndGlobalSection
EndGlobal
